github.com/BurntSushi/toml v0.3.1/go.mod h1:xHWCNGjB5oqiDr8zfno3MHue2Ht5sIBksp03qcyfWMU=
github.com/davecgh/go-spew v1.1.1/go.mod h1:J7Y8YcW2NihsgmVo/mv3lAwl/skON4iLHjSsI+c5H38=
github.com/nicksnyder/go-i18n v1.10.0 h1:5AzlPKvXBH4qBzmZ09Ua9Gipyruv6uApMcrNZdo96+Q=
github.com/nicksnyder/go-i18n v1.10.0/go.mod h1:HrK7VCrbOvQoUAQ7Vpy7i87N7JZZZ7R2xBGjv0j365Q=
github.com/pelletier/go-toml v1.4.0 h1:u3Z1r+oOXJIkxqw34zVhyPgjBsm6X2wn21NWs/HfSeg=
github.com/pelletier/go-toml v1.4.0/go.mod h1:PN7xzY2wHTK0K9p34ErDQMlFxa51Fk0OUruD3k1mMwo=
gopkg.in/check.v1 v0.0.0-20161208181325-20d25e280405/go.mod h1:Co6ibVJAznAaIkqp8huTwlJQCZ016jof/cbN4VW5Yz0=
gopkg.in/yaml.v2 v2.2.2 h1:ZCJp+EgiOT7lHqUV2J862kp8Qj64Jo6az82+3Td9dZw=
gopkg.in/yaml.v2 v2.2.2/go.mod h1:hI93XBmqTisBFMUTm0b8Fm+jr3Dg1NNxqwp+5A1VGuI=
